{
  "name": "miniprogram",
  "lockfileVersion": 3,
  "requires": true,
  "packages": {
    "": {
      "dependencies": {
        "tdesign-miniprogram": "^1.0.1"
      }
    },
    "node_modules/dayjs": {
      "version": "1.11.7",
      "resolved": "https://registry.npmjs.org/dayjs/-/dayjs-1.11.7.tgz",
      "integrity": "sha512-+Yw9U6YO5TQohxLcIkrXBeY73WP3ejHWVvx8XCk3gxvQDCTEmS48ZrSZCKciI7Bhl/uCMyxYtE9UqRILmFphkQ=="
    },
    "node_modules/tdesign-miniprogram": {
      "version": "1.0.1",
      "resolved": "https://registry.npmjs.org/tdesign-miniprogram/-/tdesign-miniprogram-1.0.1.tgz",
      "integrity": "sha512-3gPzTCEl9gh/fgsb09PuaiwGUkqP4VdcPudG4Ylxej10VaOMhxmvGEDrtPO4C3q+oScH+ZCb9X7pNi5Vp4WGrA==",
      "dependencies": {
        "dayjs": "^1.10.7"
      }
    }
  }
}
